
Microsoft Visual Studio Solution File, Format Version 12.00
# Visual Studio 15
VisualStudioVersion = 15.0.28307.1062
MinimumVisualStudioVersion = 10.0.40219.1
Project("{FAE04EC0-301F-11D3-BF4B-00C04F79EFBC}") = "WpfCourse", "WpfCourse\WpfCourse.csproj", "{6772CDE3-CA25-4E95-A2AE-2CDFA4C3CE6B}"
EndProject
Project("{FAE04EC0-301F-11D3-BF4B-00C04F79EFBC}") = "Calculator", "Calculator\Calculator.csproj", "{54133B80-AD89-469D-B717-E30140D05ED0}"
EndProject
Project("{FAE04EC0-301F-11D3-BF4B-00C04F79EFBC}") = "ContactApp", "ContactApp\ContactApp.csproj", "{7C738DA0-5947-4F2C-93DA-8901BD486CD3}"
EndProject
Project("{FAE04EC0-301F-11D3-BF4B-00C04F79EFBC}") = "LandmarkAI", "LandmarkAI\LandmarkAI.csproj", "{3BEA790D-6716-4EF4-BB5C-2A8788BDCFB0}"
EndProject
Project("{FAE04EC0-301F-11D3-BF4B-00C04F79EFBC}") = "WeatherApp", "WeatherApp\WeatherApp.csproj", "{BE354CD2-4130-4E57-9063-88F5C2091297}"
EndProject
Project("{FAE04EC0-301F-11D3-BF4B-00C04F79EFBC}") = "NotesApp", "NotesApp\NotesApp.csproj", "{0AA7B00D-72E2-40E2-A649-A1A1FC3F402C}"
EndProject
Project("{FAE04EC0-301F-11D3-BF4B-00C04F79EFBC}") = "PageNavigation", "PageNavigation\PageNavigation.csproj", "{027F374C-F29A-4A0F-933B-7546E2827C61}"
EndProject
Project("{FAE04EC0-301F-11D3-BF4B-00C04F79EFBC}") = "WpfBaseApp", "WpfBaseApp\WpfBaseApp.csproj", "{9D42EF2E-57C1-4E72-A005-A0CAF814A8D7}"
EndProject
Project("{FAE04EC0-301F-11D3-BF4B-00C04F79EFBC}") = "RssReader", "RssReader\RssReader.csproj", "{892EBEBE-365A-41CF-989B-79913CE70D38}"
EndProject
Global
	GlobalSection(SolutionConfigurationPlatforms) = preSolution
		Debug|Any CPU = Debug|Any CPU
		Release|Any CPU = Release|Any CPU
	EndGlobalSection
	GlobalSection(ProjectConfigurationPlatforms) = postSolution
		{6772CDE3-CA25-4E95-A2AE-2CDFA4C3CE6B}.Debug|Any CPU.ActiveCfg = Debug|Any CPU
		{6772CDE3-CA25-4E95-A2AE-2CDFA4C3CE6B}.Debug|Any CPU.Build.0 = Debug|Any CPU
		{6772CDE3-CA25-4E95-A2AE-2CDFA4C3CE6B}.Release|Any CPU.ActiveCfg = Release|Any CPU
		{6772CDE3-CA25-4E95-A2AE-2CDFA4C3CE6B}.Release|Any CPU.Build.0 = Release|Any CPU
		{54133B80-AD89-469D-B717-E30140D05ED0}.Debug|Any CPU.ActiveCfg = Debug|Any CPU
		{54133B80-AD89-469D-B717-E30140D05ED0}.Debug|Any CPU.Build.0 = Debug|Any CPU
		{54133B80-AD89-469D-B717-E30140D05ED0}.Release|Any CPU.ActiveCfg = Release|Any CPU
		{54133B80-AD89-469D-B717-E30140D05ED0}.Release|Any CPU.Build.0 = Release|Any CPU
		{7C738DA0-5947-4F2C-93DA-8901BD486CD3}.Debug|Any CPU.ActiveCfg = Debug|Any CPU
		{7C738DA0-5947-4F2C-93DA-8901BD486CD3}.Debug|Any CPU.Build.0 = Debug|Any CPU
		{7C738DA0-5947-4F2C-93DA-8901BD486CD3}.Release|Any CPU.ActiveCfg = Release|Any CPU
		{7C738DA0-5947-4F2C-93DA-8901BD486CD3}.Release|Any CPU.Build.0 = Release|Any CPU
		{3BEA790D-6716-4EF4-BB5C-2A8788BDCFB0}.Debug|Any CPU.ActiveCfg = Debug|Any CPU
		{3BEA790D-6716-4EF4-BB5C-2A8788BDCFB0}.Debug|Any CPU.Build.0 = Debug|Any CPU
		{3BEA790D-6716-4EF4-BB5C-2A8788BDCFB0}.Release|Any CPU.ActiveCfg = Release|Any CPU
		{3BEA790D-6716-4EF4-BB5C-2A8788BDCFB0}.Release|Any CPU.Build.0 = Release|Any CPU
		{BE354CD2-4130-4E57-9063-88F5C2091297}.Debug|Any CPU.ActiveCfg = Debug|Any CPU
		{BE354CD2-4130-4E57-9063-88F5C2091297}.Debug|Any CPU.Build.0 = Debug|Any CPU
		{BE354CD2-4130-4E57-9063-88F5C2091297}.Release|Any CPU.ActiveCfg = Release|Any CPU
		{BE354CD2-4130-4E57-9063-88F5C2091297}.Release|Any CPU.Build.0 = Release|Any CPU
		{0AA7B00D-72E2-40E2-A649-A1A1FC3F402C}.Debug|Any CPU.ActiveCfg = Debug|Any CPU
		{0AA7B00D-72E2-40E2-A649-A1A1FC3F402C}.Debug|Any CPU.Build.0 = Debug|Any CPU
		{0AA7B00D-72E2-40E2-A649-A1A1FC3F402C}.Release|Any CPU.ActiveCfg = Release|Any CPU
		{0AA7B00D-72E2-40E2-A649-A1A1FC3F402C}.Release|Any CPU.Build.0 = Release|Any CPU
		{027F374C-F29A-4A0F-933B-7546E2827C61}.Debug|Any CPU.ActiveCfg = Debug|Any CPU
		{027F374C-F29A-4A0F-933B-7546E2827C61}.Debug|Any CPU.Build.0 = Debug|Any CPU
		{027F374C-F29A-4A0F-933B-7546E2827C61}.Release|Any CPU.ActiveCfg = Release|Any CPU
		{027F374C-F29A-4A0F-933B-7546E2827C61}.Release|Any CPU.Build.0 = Release|Any CPU
		{9D42EF2E-57C1-4E72-A005-A0CAF814A8D7}.Debug|Any CPU.ActiveCfg = Debug|Any CPU
		{9D42EF2E-57C1-4E72-A005-A0CAF814A8D7}.Debug|Any CPU.Build.0 = Debug|Any CPU
		{9D42EF2E-57C1-4E72-A005-A0CAF814A8D7}.Release|Any CPU.ActiveCfg = Release|Any CPU
		{9D42EF2E-57C1-4E72-A005-A0CAF814A8D7}.Release|Any CPU.Build.0 = Release|Any CPU
		{892EBEBE-365A-41CF-989B-79913CE70D38}.Debug|Any CPU.ActiveCfg = Debug|Any CPU
		{892EBEBE-365A-41CF-989B-79913CE70D38}.Debug|Any CPU.Build.0 = Debug|Any CPU
		{892EBEBE-365A-41CF-989B-79913CE70D38}.Release|Any CPU.ActiveCfg = Release|Any CPU
		{892EBEBE-365A-41CF-989B-79913CE70D38}.Release|Any CPU.Build.0 = Release|Any CPU
	EndGlobalSection
	GlobalSection(SolutionProperties) = preSolution
		HideSolutionNode = FALSE
	EndGlobalSection
	GlobalSection(ExtensibilityGlobals) = postSolution
		SolutionGuid = {1D269845-89BF-4679-8957-42A3C9CE9D67}
	EndGlobalSection
EndGlobal
