
Microsoft Visual Studio Solution File, Format Version 12.00
# Visual Studio 15
VisualStudioVersion = 15.0.28307.1062
MinimumVisualStudioVersion = 10.0.40219.1
Project("{FAE04EC0-301F-11D3-BF4B-00C04F79EFBC}") = "WpfCourse", "WpfCourse\WpfCourse.csproj", "{6772CDE3-CA25-4E95-A2AE-2CDFA4C3CE6B}"
EndProject
Project("{FAE04EC0-301F-11D3-BF4B-00C04F79EFBC}") = "Calculator", "Calculator\Calculator.csproj", "{54133B80-AD89-469D-B717-E30140D05ED0}"
EndProject
Global
	GlobalSection(SolutionConfigurationPlatforms) = preSolution
		Debug|Any CPU = Debug|Any CPU
		Release|Any CPU = Release|Any CPU
	EndGlobalSection
	GlobalSection(ProjectConfigurationPlatforms) = postSolution
		{6772CDE3-CA25-4E95-A2AE-2CDFA4C3CE6B}.Debug|Any CPU.ActiveCfg = Debug|Any CPU
		{6772CDE3-CA25-4E95-A2AE-2CDFA4C3CE6B}.Debug|Any CPU.Build.0 = Debug|Any CPU
		{6772CDE3-CA25-4E95-A2AE-2CDFA4C3CE6B}.Release|Any CPU.ActiveCfg = Release|Any CPU
		{6772CDE3-CA25-4E95-A2AE-2CDFA4C3CE6B}.Release|Any CPU.Build.0 = Release|Any CPU
		{54133B80-AD89-469D-B717-E30140D05ED0}.Debug|Any CPU.ActiveCfg = Debug|Any CPU
		{54133B80-AD89-469D-B717-E30140D05ED0}.Debug|Any CPU.Build.0 = Debug|Any CPU
		{54133B80-AD89-469D-B717-E30140D05ED0}.Release|Any CPU.ActiveCfg = Release|Any CPU
		{54133B80-AD89-469D-B717-E30140D05ED0}.Release|Any CPU.Build.0 = Release|Any CPU
	EndGlobalSection
	GlobalSection(SolutionProperties) = preSolution
		HideSolutionNode = FALSE
	EndGlobalSection
	GlobalSection(ExtensibilityGlobals) = postSolution
		SolutionGuid = {1D269845-89BF-4679-8957-42A3C9CE9D67}
	EndGlobalSection
EndGlobal
